
Microsoft Visual Studio Solution File, Format Version 12.00
# Visual Studio Version 16
VisualStudioVersion = 16.0.29920.165
MinimumVisualStudioVersion = 10.0.40219.1
Project("{FAE04EC0-301F-11D3-BF4B-00C04F79EFBC}") = "RemoveChar", "RemoveChar.csproj", "{A89492AD-5F87-406D-B5E3-4F3476353536}"
EndProject
Global
	GlobalSection(SolutionConfigurationPlatforms) = preSolution
		Debug|Any CPU = Debug|Any CPU
		Release|Any CPU = Release|Any CPU
	EndGlobalSection
	GlobalSection(ProjectConfigurationPlatforms) = postSolution
		{A89492AD-5F87-406D-B5E3-4F3476353536}.Debug|Any CPU.ActiveCfg = Debug|Any CPU
		{A89492AD-5F87-406D-B5E3-4F3476353536}.Debug|Any CPU.Build.0 = Debug|Any CPU
		{A89492AD-5F87-406D-B5E3-4F3476353536}.Release|Any CPU.ActiveCfg = Release|Any CPU
		{A89492AD-5F87-406D-B5E3-4F3476353536}.Release|Any CPU.Build.0 = Release|Any CPU
	EndGlobalSection
	GlobalSection(SolutionProperties) = preSolution
		HideSolutionNode = FALSE
	EndGlobalSection
	GlobalSection(ExtensibilityGlobals) = postSolution
		SolutionGuid = {8B444AC6-6DBD-4C6D-B83A-57BF7C165B54}
	EndGlobalSection
EndGlobal
