
Microsoft Visual Studio Solution File, Format Version 12.00
# Visual Studio Version 16
VisualStudioVersion = 16.0.29920.165
MinimumVisualStudioVersion = 10.0.40219.1
Project("{FAE04EC0-301F-11D3-BF4B-00C04F79EFBC}") = "DeterminePythagrean", "DeterminePythagrean.csproj", "{FED07083-639F-4FC8-81F3-31209A6934C7}"
EndProject
Global
	GlobalSection(SolutionConfigurationPlatforms) = preSolution
		Debug|Any CPU = Debug|Any CPU
		Release|Any CPU = Release|Any CPU
	EndGlobalSection
	GlobalSection(ProjectConfigurationPlatforms) = postSolution
		{FED07083-639F-4FC8-81F3-31209A6934C7}.Debug|Any CPU.ActiveCfg = Debug|Any CPU
		{FED07083-639F-4FC8-81F3-31209A6934C7}.Debug|Any CPU.Build.0 = Debug|Any CPU
		{FED07083-639F-4FC8-81F3-31209A6934C7}.Release|Any CPU.ActiveCfg = Release|Any CPU
		{FED07083-639F-4FC8-81F3-31209A6934C7}.Release|Any CPU.Build.0 = Release|Any CPU
	EndGlobalSection
	GlobalSection(SolutionProperties) = preSolution
		HideSolutionNode = FALSE
	EndGlobalSection
	GlobalSection(ExtensibilityGlobals) = postSolution
		SolutionGuid = {2D54D4AD-E0F8-4613-AD6F-D76FA49608CE}
	EndGlobalSection
EndGlobal
