
Microsoft Visual Studio Solution File, Format Version 12.00
# Visual Studio Version 16
VisualStudioVersion = 16.0.29920.165
MinimumVisualStudioVersion = 10.0.40219.1
Project("{FAE04EC0-301F-11D3-BF4B-00C04F79EFBC}") = "SoleSurvivor", "SoleSurvivor.csproj", "{A579F2D2-C542-407A-8B76-233CDA81A440}"
EndProject
Global
	GlobalSection(SolutionConfigurationPlatforms) = preSolution
		Debug|Any CPU = Debug|Any CPU
		Release|Any CPU = Release|Any CPU
	EndGlobalSection
	GlobalSection(ProjectConfigurationPlatforms) = postSolution
		{A579F2D2-C542-407A-8B76-233CDA81A440}.Debug|Any CPU.ActiveCfg = Debug|Any CPU
		{A579F2D2-C542-407A-8B76-233CDA81A440}.Debug|Any CPU.Build.0 = Debug|Any CPU
		{A579F2D2-C542-407A-8B76-233CDA81A440}.Release|Any CPU.ActiveCfg = Release|Any CPU
		{A579F2D2-C542-407A-8B76-233CDA81A440}.Release|Any CPU.Build.0 = Release|Any CPU
	EndGlobalSection
	GlobalSection(SolutionProperties) = preSolution
		HideSolutionNode = FALSE
	EndGlobalSection
	GlobalSection(ExtensibilityGlobals) = postSolution
		SolutionGuid = {01651925-90B0-4F31-90FD-494A5BEC3CAC}
	EndGlobalSection
EndGlobal
