
Microsoft Visual Studio Solution File, Format Version 12.00
# Visual Studio Version 16
VisualStudioVersion = 16.0.29806.167
MinimumVisualStudioVersion = 10.0.40219.1
Project("{FAE04EC0-301F-11D3-BF4B-00C04F79EFBC}") = "NonDuplicateCharacher", "NonDuplicateCharacher.csproj", "{10DBD3E5-904C-4F08-B489-0B837D8706F2}"
EndProject
Global
	GlobalSection(SolutionConfigurationPlatforms) = preSolution
		Debug|Any CPU = Debug|Any CPU
		Release|Any CPU = Release|Any CPU
	EndGlobalSection
	GlobalSection(ProjectConfigurationPlatforms) = postSolution
		{10DBD3E5-904C-4F08-B489-0B837D8706F2}.Debug|Any CPU.ActiveCfg = Debug|Any CPU
		{10DBD3E5-904C-4F08-B489-0B837D8706F2}.Debug|Any CPU.Build.0 = Debug|Any CPU
		{10DBD3E5-904C-4F08-B489-0B837D8706F2}.Release|Any CPU.ActiveCfg = Release|Any CPU
		{10DBD3E5-904C-4F08-B489-0B837D8706F2}.Release|Any CPU.Build.0 = Release|Any CPU
	EndGlobalSection
	GlobalSection(SolutionProperties) = preSolution
		HideSolutionNode = FALSE
	EndGlobalSection
	GlobalSection(ExtensibilityGlobals) = postSolution
		SolutionGuid = {2AB7E118-B445-451F-AAA4-6C5F8D4B96A0}
	EndGlobalSection
EndGlobal
