
Microsoft Visual Studio Solution File, Format Version 12.00
# Visual Studio Version 16
VisualStudioVersion = 16.0.29806.167
MinimumVisualStudioVersion = 10.0.40219.1
Project("{FAE04EC0-301F-11D3-BF4B-00C04F79EFBC}") = "NumSortArray", "NumSortArray.csproj", "{85878F61-4B64-411E-9889-76E6B67C9C0E}"
EndProject
Global
	GlobalSection(SolutionConfigurationPlatforms) = preSolution
		Debug|Any CPU = Debug|Any CPU
		Release|Any CPU = Release|Any CPU
	EndGlobalSection
	GlobalSection(ProjectConfigurationPlatforms) = postSolution
		{85878F61-4B64-411E-9889-76E6B67C9C0E}.Debug|Any CPU.ActiveCfg = Debug|Any CPU
		{85878F61-4B64-411E-9889-76E6B67C9C0E}.Debug|Any CPU.Build.0 = Debug|Any CPU
		{85878F61-4B64-411E-9889-76E6B67C9C0E}.Release|Any CPU.ActiveCfg = Release|Any CPU
		{85878F61-4B64-411E-9889-76E6B67C9C0E}.Release|Any CPU.Build.0 = Release|Any CPU
	EndGlobalSection
	GlobalSection(SolutionProperties) = preSolution
		HideSolutionNode = FALSE
	EndGlobalSection
	GlobalSection(ExtensibilityGlobals) = postSolution
		SolutionGuid = {E4DBA889-E1EF-4806-B539-7B089094AC8C}
	EndGlobalSection
EndGlobal
